
Microsoft Visual Studio Solution File, Format Version 12.00
# Visual Studio 2013
VisualStudioVersion = 12.0.21005.1
MinimumVisualStudioVersion = 10.0.40219.1
Project("{FAE04EC0-301F-11D3-BF4B-00C04F79EFBC}") = "Application", "http://localhost:29152", "{F79A69CE-AC38-497A-84A2-AB24440748EB}"
	ProjectSection(WebsiteProperties) = preProject
		UseIISExpress = "true"
		TargetFrameworkMoniker = ".NETFramework,Version%3Dv4.0"
		Debug.AspNetCompiler.VirtualPath = "/localhost_29152"
		Debug.AspNetCompiler.PhysicalPath = "Application\"
		Debug.AspNetCompiler.TargetPath = "PrecompiledWeb\localhost_29152\"
		Debug.AspNetCompiler.Updateable = "true"
		Debug.AspNetCompiler.ForceOverwrite = "true"
		Debug.AspNetCompiler.FixedNames = "false"
		Debug.AspNetCompiler.Debug = "True"
		Release.AspNetCompiler.VirtualPath = "/localhost_29152"
		Release.AspNetCompiler.PhysicalPath = "Application\"
		Release.AspNetCompiler.TargetPath = "PrecompiledWeb\localhost_29152\"
		Release.AspNetCompiler.Updateable = "true"
		Release.AspNetCompiler.ForceOverwrite = "true"
		Release.AspNetCompiler.FixedNames = "false"
		Release.AspNetCompiler.Debug = "False"
		SlnRelativePath = "Application\"
	EndProjectSection
EndProject
Project("{FAE04EC0-301F-11D3-BF4B-00C04F79EFBC}") = "Plugin1", "Plugin1\Plugin1.csproj", "{1E47F83D-EFFF-40E6-AA80-A93D4AC65993}"
EndProject
Project("{FAE04EC0-301F-11D3-BF4B-00C04F79EFBC}") = "Plugin2", "Plugin2\Plugin2.csproj", "{B53FA199-52A5-4231-B6CC-5EFFD41EAA69}"
EndProject
Project("{FAE04EC0-301F-11D3-BF4B-00C04F79EFBC}") = "Framework", "Framework\Framework.csproj", "{DB1E0F8F-6C69-4982-B93C-B457AE2A24C2}"
EndProject
Global
	GlobalSection(SolutionConfigurationPlatforms) = preSolution
		Debug|Any CPU = Debug|Any CPU
		Release|Any CPU = Release|Any CPU
	EndGlobalSection
	GlobalSection(ProjectConfigurationPlatforms) = postSolution
		{F79A69CE-AC38-497A-84A2-AB24440748EB}.Debug|Any CPU.ActiveCfg = Debug|Any CPU
		{F79A69CE-AC38-497A-84A2-AB24440748EB}.Debug|Any CPU.Build.0 = Debug|Any CPU
		{F79A69CE-AC38-497A-84A2-AB24440748EB}.Debug|Any CPU.Deploy.0 = Debug|Any CPU
		{F79A69CE-AC38-497A-84A2-AB24440748EB}.Release|Any CPU.ActiveCfg = Debug|Any CPU
		{F79A69CE-AC38-497A-84A2-AB24440748EB}.Release|Any CPU.Build.0 = Debug|Any CPU
		{1E47F83D-EFFF-40E6-AA80-A93D4AC65993}.Debug|Any CPU.ActiveCfg = Debug|Any CPU
		{1E47F83D-EFFF-40E6-AA80-A93D4AC65993}.Debug|Any CPU.Build.0 = Debug|Any CPU
		{1E47F83D-EFFF-40E6-AA80-A93D4AC65993}.Release|Any CPU.ActiveCfg = Release|Any CPU
		{1E47F83D-EFFF-40E6-AA80-A93D4AC65993}.Release|Any CPU.Build.0 = Release|Any CPU
		{B53FA199-52A5-4231-B6CC-5EFFD41EAA69}.Debug|Any CPU.ActiveCfg = Debug|Any CPU
		{B53FA199-52A5-4231-B6CC-5EFFD41EAA69}.Debug|Any CPU.Build.0 = Debug|Any CPU
		{B53FA199-52A5-4231-B6CC-5EFFD41EAA69}.Release|Any CPU.ActiveCfg = Release|Any CPU
		{B53FA199-52A5-4231-B6CC-5EFFD41EAA69}.Release|Any CPU.Build.0 = Release|Any CPU
		{DB1E0F8F-6C69-4982-B93C-B457AE2A24C2}.Debug|Any CPU.ActiveCfg = Debug|Any CPU
		{DB1E0F8F-6C69-4982-B93C-B457AE2A24C2}.Debug|Any CPU.Build.0 = Debug|Any CPU
		{DB1E0F8F-6C69-4982-B93C-B457AE2A24C2}.Release|Any CPU.ActiveCfg = Release|Any CPU
		{DB1E0F8F-6C69-4982-B93C-B457AE2A24C2}.Release|Any CPU.Build.0 = Release|Any CPU
	EndGlobalSection
	GlobalSection(SolutionProperties) = preSolution
		HideSolutionNode = FALSE
	EndGlobalSection
EndGlobal
